// !$*UTF8*$!
{
	archiveVersion = 1;
	classes = {
	};
	objectVersion = 50;
	objects = {

/* Begin PBXBuildFile section */
		1B2606A5A7257B60721B3281 /* libPods-HLPlayerDemo.a in Frameworks */ = {isa = PBXBuildFile; fileRef = E8EF0A65191EE53B1C54D69B /* libPods-HLPlayerDemo.a */; };
		8228F92E20DB3ACF00598E7A /* HLAdvertisingView.m in Sources */ = {isa = PBXBuildFile; fileRef = 8228F92D20DB3ACF00598E7A /* HLAdvertisingView.m */; };
		825D1A6D20DC8B1C00DA93D3 /* VideoViewController.m in Sources */ = {isa = PBXBuildFile; fileRef = 825D1A6C20DC8B1C00DA93D3 /* VideoViewController.m */; };
		825D1A7020DCC32400DA93D3 /* HLadvertisingControl.m in Sources */ = {isa = PBXBuildFile; fileRef = 825D1A6F20DCC32400DA93D3 /* HLadvertisingControl.m */; };
		82BEFA3A20D9EFAF009AD78E /* AppDelegate.m in Sources */ = {isa = PBXBuildFile; fileRef = 82BEFA3920D9EFAF009AD78E /* AppDelegate.m */; };
		82BEFA3D20D9EFAF009AD78E /* ViewController.m in Sources */ = {isa = PBXBuildFile; fileRef = 82BEFA3C20D9EFAF009AD78E /* ViewController.m */; };
		82BEFA4020D9EFAF009AD78E /* Main.storyboard in Resources */ = {isa = PBXBuildFile; fileRef = 82BEFA3E20D9EFAF009AD78E /* Main.storyboard */; };
		82BEFA4220D9EFB1009AD78E /* Assets.xcassets in Resources */ = {isa = PBXBuildFile; fileRef = 82BEFA4120D9EFB1009AD78E /* Assets.xcassets */; };
		82BEFA4520D9EFB1009AD78E /* LaunchScreen.storyboard in Resources */ = {isa = PBXBuildFile; fileRef = 82BEFA4320D9EFB1009AD78E /* LaunchScreen.storyboard */; };
		82BEFA4820D9EFB1009AD78E /* main.m in Sources */ = {isa = PBXBuildFile; fileRef = 82BEFA4720D9EFB1009AD78E /* main.m */; };
		82BEFA5220D9EFB1009AD78E /* HLPlayerDemoTests.m in Sources */ = {isa = PBXBuildFile; fileRef = 82BEFA5120D9EFB1009AD78E /* HLPlayerDemoTests.m */; };
		82BEFA5D20D9EFB2009AD78E /* HLPlayerDemoUITests.m in Sources */ = {isa = PBXBuildFile; fileRef = 82BEFA5C20D9EFB2009AD78E /* HLPlayerDemoUITests.m */; };
		82BEFA7120DA104C009AD78E /* HLPlayerView.m in Sources */ = {isa = PBXBuildFile; fileRef = 82BEFA7020DA104C009AD78E /* HLPlayerView.m */; };
		82BEFA7420DA108A009AD78E /* HLPlayerControlView.m in Sources */ = {isa = PBXBuildFile; fileRef = 82BEFA7320DA108A009AD78E /* HLPlayerControlView.m */; };
		82BEFA7720DA10F8009AD78E /* HLPlayerActivity.m in Sources */ = {isa = PBXBuildFile; fileRef = 82BEFA7620DA10F8009AD78E /* HLPlayerActivity.m */; };
		82BEFA7A20DA1150009AD78E /* HLPlayerPlaceholderView.m in Sources */ = {isa = PBXBuildFile; fileRef = 82BEFA7920DA1150009AD78E /* HLPlayerPlaceholderView.m */; };
		82BEFB0920DA24D3009AD78E /* HLPlayer.bundle in Resources */ = {isa = PBXBuildFile; fileRef = 82BEFB0820DA24D3009AD78E /* HLPlayer.bundle */; };
		82BEFB0C20DA24F1009AD78E /* loadinglogo@3x.png in Resources */ = {isa = PBXBuildFile; fileRef = 82BEFB0A20DA24F1009AD78E /* loadinglogo@3x.png */; };
		82BEFB0D20DA24F1009AD78E /* loadinglogo.png in Resources */ = {isa = PBXBuildFile; fileRef = 82BEFB0B20DA24F1009AD78E /* loadinglogo.png */; };
		82BEFB1020DA25EC009AD78E /* HLBrightnessView.m in Sources */ = {isa = PBXBuildFile; fileRef = 82BEFB0F20DA25EC009AD78E /* HLBrightnessView.m */; };
		82BEFB1520DA2656009AD78E /* ASValueTrackingSlider.m in Sources */ = {isa = PBXBuildFile; fileRef = 82BEFB1220DA2656009AD78E /* ASValueTrackingSlider.m */; };
		82BEFB1620DA2656009AD78E /* ASValuePopUpView.m in Sources */ = {isa = PBXBuildFile; fileRef = 82BEFB1420DA2656009AD78E /* ASValuePopUpView.m */; };
/* End PBXBuildFile section */

/* Begin PBXContainerItemProxy section */
		82BEFA4E20D9EFB1009AD78E /* PBXContainerItemProxy */ = {
			isa = PBXContainerItemProxy;
			containerPortal = 82BEFA2D20D9EFAF009AD78E /* Project object */;
			proxyType = 1;
			remoteGlobalIDString = 82BEFA3420D9EFAF009AD78E;
			remoteInfo = HLPlayerDemo;
		};
		82BEFA5920D9EFB2009AD78E /* PBXContainerItemProxy */ = {
			isa = PBXContainerItemProxy;
			containerPortal = 82BEFA2D20D9EFAF009AD78E /* Project object */;
			proxyType = 1;
			remoteGlobalIDString = 82BEFA3420D9EFAF009AD78E;
			remoteInfo = HLPlayerDemo;
		};
/* End PBXContainerItemProxy section */

/* Begin PBXFileReference section */
		7D3A06176B366D7FBD2EADF4 /* Pods-HLPlayerDemo.debug.xcconfig */ = {isa = PBXFileReference; includeInIndex = 1; lastKnownFileType = text.xcconfig; name = "Pods-HLPlayerDemo.debug.xcconfig"; path = "Pods/Target Support Files/Pods-HLPlayerDemo/Pods-HLPlayerDemo.debug.xcconfig"; sourceTree = "<group>"; };
		8228F92C20DB3ACE00598E7A /* HLAdvertisingView.h */ = {isa = PBXFileReference; fileEncoding = 4; lastKnownFileType = sourcecode.c.h; path = HLAdvertisingView.h; sourceTree = "<group>"; };
		8228F92D20DB3ACF00598E7A /* HLAdvertisingView.m */ = {isa = PBXFileReference; fileEncoding = 4; lastKnownFileType = sourcecode.c.objc; path = HLAdvertisingView.m; sourceTree = "<group>"; };
		825D1A6B20DC8B1C00DA93D3 /* VideoViewController.h */ = {isa = PBXFileReference; lastKnownFileType = sourcecode.c.h; path = VideoViewController.h; sourceTree = "<group>"; };
		825D1A6C20DC8B1C00DA93D3 /* VideoViewController.m */ = {isa = PBXFileReference; lastKnownFileType = sourcecode.c.objc; path = VideoViewController.m; sourceTree = "<group>"; };
		825D1A6E20DCC32400DA93D3 /* HLadvertisingControl.h */ = {isa = PBXFileReference; lastKnownFileType = sourcecode.c.h; path = HLadvertisingControl.h; sourceTree = "<group>"; };
		825D1A6F20DCC32400DA93D3 /* HLadvertisingControl.m */ = {isa = PBXFileReference; lastKnownFileType = sourcecode.c.objc; path = HLadvertisingControl.m; sourceTree = "<group>"; };
		825D1BA820DCD39600DA93D3 /* Info.plist */ = {isa = PBXFileReference; lastKnownFileType = text.plist.xml; path = Info.plist; sourceTree = "<group>"; };
		825D1BAA20DCD39600DA93D3 /* WHC_BaseOperation.h */ = {isa = PBXFileReference; lastKnownFileType = sourcecode.c.h; path = WHC_BaseOperation.h; sourceTree = "<group>"; };
		825D1BAB20DCD39600DA93D3 /* WHC_BaseOperation.m */ = {isa = PBXFileReference; lastKnownFileType = sourcecode.c.objc; path = WHC_BaseOperation.m; sourceTree = "<group>"; };
		825D1BAC20DCD39600DA93D3 /* WHC_DownloadOperation.h */ = {isa = PBXFileReference; lastKnownFileType = sourcecode.c.h; path = WHC_DownloadOperation.h; sourceTree = "<group>"; };
		825D1BAD20DCD39600DA93D3 /* WHC_DownloadOperation.m */ = {isa = PBXFileReference; lastKnownFileType = sourcecode.c.objc; path = WHC_DownloadOperation.m; sourceTree = "<group>"; };
		825D1BAE20DCD39600DA93D3 /* WHC_HttpManager.h */ = {isa = PBXFileReference; lastKnownFileType = sourcecode.c.h; path = WHC_HttpManager.h; sourceTree = "<group>"; };
		825D1BAF20DCD39600DA93D3 /* WHC_HttpManager.m */ = {isa = PBXFileReference; lastKnownFileType = sourcecode.c.objc; path = WHC_HttpManager.m; sourceTree = "<group>"; };
		825D1BB020DCD39600DA93D3 /* WHC_HttpOperation.h */ = {isa = PBXFileReference; lastKnownFileType = sourcecode.c.h; path = WHC_HttpOperation.h; sourceTree = "<group>"; };
		825D1BB120DCD39600DA93D3 /* WHC_HttpOperation.m */ = {isa = PBXFileReference; lastKnownFileType = sourcecode.c.objc; path = WHC_HttpOperation.m; sourceTree = "<group>"; };
		825D1BB320DCD39600DA93D3 /* WHC_DownloadSessionTask.h */ = {isa = PBXFileReference; lastKnownFileType = sourcecode.c.h; path = WHC_DownloadSessionTask.h; sourceTree = "<group>"; };
		825D1BB420DCD39600DA93D3 /* WHC_DownloadSessionTask.m */ = {isa = PBXFileReference; lastKnownFileType = sourcecode.c.objc; path = WHC_DownloadSessionTask.m; sourceTree = "<group>"; };
		825D1BB520DCD39600DA93D3 /* WHC_SessionDownloadManager.h */ = {isa = PBXFileReference; lastKnownFileType = sourcecode.c.h; path = WHC_SessionDownloadManager.h; sourceTree = "<group>"; };
		825D1BB620DCD39600DA93D3 /* WHC_SessionDownloadManager.m */ = {isa = PBXFileReference; lastKnownFileType = sourcecode.c.objc; path = WHC_SessionDownloadManager.m; sourceTree = "<group>"; };
		825D1BB820DCD39600DA93D3 /* Reachability.h */ = {isa = PBXFileReference; lastKnownFileType = sourcecode.c.h; path = Reachability.h; sourceTree = "<group>"; };
		825D1BB920DCD39600DA93D3 /* Reachability.m */ = {isa = PBXFileReference; lastKnownFileType = sourcecode.c.objc; path = Reachability.m; sourceTree = "<group>"; };
		825D1BBB20DCD39600DA93D3 /* UIButton+WHC_HttpButton.h */ = {isa = PBXFileReference; lastKnownFileType = sourcecode.c.h; path = "UIButton+WHC_HttpButton.h"; sourceTree = "<group>"; };
		825D1BBC20DCD39600DA93D3 /* UIButton+WHC_HttpButton.m */ = {isa = PBXFileReference; lastKnownFileType = sourcecode.c.objc; path = "UIButton+WHC_HttpButton.m"; sourceTree = "<group>"; };
		825D1BBD20DCD39600DA93D3 /* UIImageView+WHC_HttpImageView.h */ = {isa = PBXFileReference; lastKnownFileType = sourcecode.c.h; path = "UIImageView+WHC_HttpImageView.h"; sourceTree = "<group>"; };
		825D1BBE20DCD39600DA93D3 /* UIImageView+WHC_HttpImageView.m */ = {isa = PBXFileReference; lastKnownFileType = sourcecode.c.objc; path = "UIImageView+WHC_HttpImageView.m"; sourceTree = "<group>"; };
		825D1BBF20DCD39600DA93D3 /* WHC_ImageCache.h */ = {isa = PBXFileReference; lastKnownFileType = sourcecode.c.h; path = WHC_ImageCache.h; sourceTree = "<group>"; };
		825D1BC020DCD39600DA93D3 /* WHC_ImageCache.m */ = {isa = PBXFileReference; lastKnownFileType = sourcecode.c.objc; path = WHC_ImageCache.m; sourceTree = "<group>"; };
		825D1BC220DCD39600DA93D3 /* WHC_DataModel.h */ = {isa = PBXFileReference; lastKnownFileType = sourcecode.c.h; path = WHC_DataModel.h; sourceTree = "<group>"; };
		825D1BC320DCD39600DA93D3 /* WHC_DataModel.m */ = {isa = PBXFileReference; lastKnownFileType = sourcecode.c.objc; path = WHC_DataModel.m; sourceTree = "<group>"; };
		825D1BC420DCD39600DA93D3 /* WHC_Json.h */ = {isa = PBXFileReference; lastKnownFileType = sourcecode.c.h; path = WHC_Json.h; sourceTree = "<group>"; };
		825D1BC520DCD39600DA93D3 /* WHC_Json.m */ = {isa = PBXFileReference; lastKnownFileType = sourcecode.c.objc; path = WHC_Json.m; sourceTree = "<group>"; };
		825D1BC620DCD39600DA93D3 /* WHC_Xml.h */ = {isa = PBXFileReference; lastKnownFileType = sourcecode.c.h; path = WHC_Xml.h; sourceTree = "<group>"; };
		825D1BC720DCD39600DA93D3 /* WHC_Xml.m */ = {isa = PBXFileReference; lastKnownFileType = sourcecode.c.objc; path = WHC_Xml.m; sourceTree = "<group>"; };
		825D1BC820DCD39600DA93D3 /* WHC_XMLParser.h */ = {isa = PBXFileReference; lastKnownFileType = sourcecode.c.h; path = WHC_XMLParser.h; sourceTree = "<group>"; };
		825D1BC920DCD39600DA93D3 /* WHC_XMLParser.m */ = {isa = PBXFileReference; lastKnownFileType = sourcecode.c.objc; path = WHC_XMLParser.m; sourceTree = "<group>"; };
		825D1BCC20DCD39600DA93D3 /* WHCNetWorkKit.h */ = {isa = PBXFileReference; lastKnownFileType = sourcecode.c.h; path = WHCNetWorkKit.h; sourceTree = "<group>"; };
		82BEFA3520D9EFAF009AD78E /* HLPlayerDemo.app */ = {isa = PBXFileReference; explicitFileType = wrapper.application; includeInIndex = 0; path = HLPlayerDemo.app; sourceTree = BUILT_PRODUCTS_DIR; };
		82BEFA3820D9EFAF009AD78E /* AppDelegate.h */ = {isa = PBXFileReference; lastKnownFileType = sourcecode.c.h; path = AppDelegate.h; sourceTree = "<group>"; };
		82BEFA3920D9EFAF009AD78E /* AppDelegate.m */ = {isa = PBXFileReference; lastKnownFileType = sourcecode.c.objc; path = AppDelegate.m; sourceTree = "<group>"; };
		82BEFA3B20D9EFAF009AD78E /* ViewController.h */ = {isa = PBXFileReference; lastKnownFileType = sourcecode.c.h; path = ViewController.h; sourceTree = "<group>"; };
		82BEFA3C20D9EFAF009AD78E /* ViewController.m */ = {isa = PBXFileReference; lastKnownFileType = sourcecode.c.objc; path = ViewController.m; sourceTree = "<group>"; };
		82BEFA3F20D9EFAF009AD78E /* Base */ = {isa = PBXFileReference; lastKnownFileType = file.storyboard; name = Base; path = Base.lproj/Main.storyboard; sourceTree = "<group>"; };
		82BEFA4120D9EFB1009AD78E /* Assets.xcassets */ = {isa = PBXFileReference; lastKnownFileType = folder.assetcatalog; path = Assets.xcassets; sourceTree = "<group>"; };
		82BEFA4420D9EFB1009AD78E /* Base */ = {isa = PBXFileReference; lastKnownFileType = file.storyboard; name = Base; path = Base.lproj/LaunchScreen.storyboard; sourceTree = "<group>"; };
		82BEFA4620D9EFB1009AD78E /* Info.plist */ = {isa = PBXFileReference; lastKnownFileType = text.plist.xml; path = Info.plist; sourceTree = "<group>"; };
		82BEFA4720D9EFB1009AD78E /* main.m */ = {isa = PBXFileReference; lastKnownFileType = sourcecode.c.objc; path = main.m; sourceTree = "<group>"; };
		82BEFA4D20D9EFB1009AD78E /* HLPlayerDemoTests.xctest */ = {isa = PBXFileReference; explicitFileType = wrapper.cfbundle; includeInIndex = 0; path = HLPlayerDemoTests.xctest; sourceTree = BUILT_PRODUCTS_DIR; };
		82BEFA5120D9EFB1009AD78E /* HLPlayerDemoTests.m */ = {isa = PBXFileReference; lastKnownFileType = sourcecode.c.objc; path = HLPlayerDemoTests.m; sourceTree = "<group>"; };
		82BEFA5320D9EFB1009AD78E /* Info.plist */ = {isa = PBXFileReference; lastKnownFileType = text.plist.xml; path = Info.plist; sourceTree = "<group>"; };
		82BEFA5820D9EFB2009AD78E /* HLPlayerDemoUITests.xctest */ = {isa = PBXFileReference; explicitFileType = wrapper.cfbundle; includeInIndex = 0; path = HLPlayerDemoUITests.xctest; sourceTree = BUILT_PRODUCTS_DIR; };
		82BEFA5C20D9EFB2009AD78E /* HLPlayerDemoUITests.m */ = {isa = PBXFileReference; lastKnownFileType = sourcecode.c.objc; path = HLPlayerDemoUITests.m; sourceTree = "<group>"; };
		82BEFA5E20D9EFB2009AD78E /* Info.plist */ = {isa = PBXFileReference; lastKnownFileType = text.plist.xml; path = Info.plist; sourceTree = "<group>"; };
		82BEFA6D20DA0FDD009AD78E /* HLPlayer.h */ = {isa = PBXFileReference; lastKnownFileType = sourcecode.c.h; path = HLPlayer.h; sourceTree = "<group>"; };
		82BEFA6F20DA104C009AD78E /* HLPlayerView.h */ = {isa = PBXFileReference; lastKnownFileType = sourcecode.c.h; path = HLPlayerView.h; sourceTree = "<group>"; };
		82BEFA7020DA104C009AD78E /* HLPlayerView.m */ = {isa = PBXFileReference; lastKnownFileType = sourcecode.c.objc; path = HLPlayerView.m; sourceTree = "<group>"; };
		82BEFA7220DA108A009AD78E /* HLPlayerControlView.h */ = {isa = PBXFileReference; lastKnownFileType = sourcecode.c.h; path = HLPlayerControlView.h; sourceTree = "<group>"; };
		82BEFA7320DA108A009AD78E /* HLPlayerControlView.m */ = {isa = PBXFileReference; lastKnownFileType = sourcecode.c.objc; path = HLPlayerControlView.m; sourceTree = "<group>"; };
		82BEFA7520DA10F8009AD78E /* HLPlayerActivity.h */ = {isa = PBXFileReference; lastKnownFileType = sourcecode.c.h; path = HLPlayerActivity.h; sourceTree = "<group>"; };
		82BEFA7620DA10F8009AD78E /* HLPlayerActivity.m */ = {isa = PBXFileReference; lastKnownFileType = sourcecode.c.objc; path = HLPlayerActivity.m; sourceTree = "<group>"; };
		82BEFA7820DA1150009AD78E /* HLPlayerPlaceholderView.h */ = {isa = PBXFileReference; lastKnownFileType = sourcecode.c.h; path = HLPlayerPlaceholderView.h; sourceTree = "<group>"; };
		82BEFA7920DA1150009AD78E /* HLPlayerPlaceholderView.m */ = {isa = PBXFileReference; lastKnownFileType = sourcecode.c.objc; path = HLPlayerPlaceholderView.m; sourceTree = "<group>"; };
		82BEFAD720DA1ECB009AD78E /* Info.plist */ = {isa = PBXFileReference; lastKnownFileType = text.plist.xml; path = Info.plist; sourceTree = "<group>"; };
		82BEFB0820DA24D3009AD78E /* HLPlayer.bundle */ = {isa = PBXFileReference; lastKnownFileType = "wrapper.plug-in"; path = HLPlayer.bundle; sourceTree = "<group>"; };
		82BEFB0A20DA24F1009AD78E /* loadinglogo@3x.png */ = {isa = PBXFileReference; lastKnownFileType = image.png; path = "loadinglogo@3x.png"; sourceTree = "<group>"; };
		82BEFB0B20DA24F1009AD78E /* loadinglogo.png */ = {isa = PBXFileReference; lastKnownFileType = image.png; path = loadinglogo.png; sourceTree = "<group>"; };
		82BEFB0E20DA25EC009AD78E /* HLBrightnessView.h */ = {isa = PBXFileReference; lastKnownFileType = sourcecode.c.h; path = HLBrightnessView.h; sourceTree = "<group>"; };
		82BEFB0F20DA25EC009AD78E /* HLBrightnessView.m */ = {isa = PBXFileReference; lastKnownFileType = sourcecode.c.objc; path = HLBrightnessView.m; sourceTree = "<group>"; };
		82BEFB1120DA2655009AD78E /* ASValuePopUpView.h */ = {isa = PBXFileReference; fileEncoding = 4; lastKnownFileType = sourcecode.c.h; path = ASValuePopUpView.h; sourceTree = "<group>"; };
		82BEFB1220DA2656009AD78E /* ASValueTrackingSlider.m */ = {isa = PBXFileReference; fileEncoding = 4; lastKnownFileType = sourcecode.c.objc; path = ASValueTrackingSlider.m; sourceTree = "<group>"; };
		82BEFB1320DA2656009AD78E /* ASValueTrackingSlider.h */ = {isa = PBXFileReference; fileEncoding = 4; lastKnownFileType = sourcecode.c.h; path = ASValueTrackingSlider.h; sourceTree = "<group>"; };
		82BEFB1420DA2656009AD78E /* ASValuePopUpView.m */ = {isa = PBXFileReference; fileEncoding = 4; lastKnownFileType = sourcecode.c.objc; path = ASValuePopUpView.m; sourceTree = "<group>"; };
		E56DAF6AA4FAF00078679216 /* Pods-HLPlayerDemo.release.xcconfig */ = {isa = PBXFileReference; includeInIndex = 1; lastKnownFileType = text.xcconfig; name = "Pods-HLPlayerDemo.release.xcconfig"; path = "Pods/Target Support Files/Pods-HLPlayerDemo/Pods-HLPlayerDemo.release.xcconfig"; sourceTree = "<group>"; };
		E8EF0A65191EE53B1C54D69B /* libPods-HLPlayerDemo.a */ = {isa = PBXFileReference; explicitFileType = archive.ar; includeInIndex = 0; path = "libPods-HLPlayerDemo.a"; sourceTree = BUILT_PRODUCTS_DIR; };
/* End PBXFileReference section */

/* Begin PBXFrameworksBuildPhase section */
		82BEFA3220D9EFAF009AD78E /* Frameworks */ = {
			isa = PBXFrameworksBuildPhase;
			buildActionMask = 2147483647;
			files = (
				1B2606A5A7257B60721B3281 /* libPods-HLPlayerDemo.a in Frameworks */,
			);
			runOnlyForDeploymentPostprocessing = 0;
		};
		82BEFA4A20D9EFB1009AD78E /* Frameworks */ = {
			isa = PBXFrameworksBuildPhase;
			buildActionMask = 2147483647;
			files = (
			);
			runOnlyForDeploymentPostprocessing = 0;
		};
		82BEFA5520D9EFB2009AD78E /* Frameworks */ = {
			isa = PBXFrameworksBuildPhase;
			buildActionMask = 2147483647;
			files = (
			);
			runOnlyForDeploymentPostprocessing = 0;
		};
/* End PBXFrameworksBuildPhase section */

/* Begin PBXGroup section */
		7DDC4494F63855841A0D34B1 /* Pods */ = {
			isa = PBXGroup;
			children = (
				7D3A06176B366D7FBD2EADF4 /* Pods-HLPlayerDemo.debug.xcconfig */,
				E56DAF6AA4FAF00078679216 /* Pods-HLPlayerDemo.release.xcconfig */,
			);
			name = Pods;
			sourceTree = "<group>";
		};
		825D1BA520DCD39600DA93D3 /* WHCNetWorkKit */ = {
			isa = PBXGroup;
			children = (
				825D1BA820DCD39600DA93D3 /* Info.plist */,
				825D1BA920DCD39600DA93D3 /* NSURLConnection */,
				825D1BB220DCD39600DA93D3 /* NSURLSession */,
				825D1BB720DCD39600DA93D3 /* Reachability */,
				825D1BBA20DCD39600DA93D3 /* UIKit+WHCNetWorkKit */,
				825D1BC120DCD39600DA93D3 /* UtilKit+WHCNetWorkKit */,
				825D1BCC20DCD39600DA93D3 /* WHCNetWorkKit.h */,
			);
			path = WHCNetWorkKit;
			sourceTree = "<group>";
		};
		825D1BA920DCD39600DA93D3 /* NSURLConnection */ = {
			isa = PBXGroup;
			children = (
				825D1BAA20DCD39600DA93D3 /* WHC_BaseOperation.h */,
				825D1BAB20DCD39600DA93D3 /* WHC_BaseOperation.m */,
				825D1BAC20DCD39600DA93D3 /* WHC_DownloadOperation.h */,
				825D1BAD20DCD39600DA93D3 /* WHC_DownloadOperation.m */,
				825D1BAE20DCD39600DA93D3 /* WHC_HttpManager.h */,
				825D1BAF20DCD39600DA93D3 /* WHC_HttpManager.m */,
				825D1BB020DCD39600DA93D3 /* WHC_HttpOperation.h */,
				825D1BB120DCD39600DA93D3 /* WHC_HttpOperation.m */,
			);
			path = NSURLConnection;
			sourceTree = "<group>";
		};
		825D1BB220DCD39600DA93D3 /* NSURLSession */ = {
			isa = PBXGroup;
			children = (
				825D1BB320DCD39600DA93D3 /* WHC_DownloadSessionTask.h */,
				825D1BB420DCD39600DA93D3 /* WHC_DownloadSessionTask.m */,
				825D1BB520DCD39600DA93D3 /* WHC_SessionDownloadManager.h */,
				825D1BB620DCD39600DA93D3 /* WHC_SessionDownloadManager.m */,
			);
			path = NSURLSession;
			sourceTree = "<group>";
		};
		825D1BB720DCD39600DA93D3 /* Reachability */ = {
			isa = PBXGroup;
			children = (
				825D1BB820DCD39600DA93D3 /* Reachability.h */,
				825D1BB920DCD39600DA93D3 /* Reachability.m */,
			);
			path = Reachability;
			sourceTree = "<group>";
		};
		825D1BBA20DCD39600DA93D3 /* UIKit+WHCNetWorkKit */ = {
			isa = PBXGroup;
			children = (
				825D1BBB20DCD39600DA93D3 /* UIButton+WHC_HttpButton.h */,
				825D1BBC20DCD39600DA93D3 /* UIButton+WHC_HttpButton.m */,
				825D1BBD20DCD39600DA93D3 /* UIImageView+WHC_HttpImageView.h */,
				825D1BBE20DCD39600DA93D3 /* UIImageView+WHC_HttpImageView.m */,
				825D1BBF20DCD39600DA93D3 /* WHC_ImageCache.h */,
				825D1BC020DCD39600DA93D3 /* WHC_ImageCache.m */,
			);
			path = "UIKit+WHCNetWorkKit";
			sourceTree = "<group>";
		};
		825D1BC120DCD39600DA93D3 /* UtilKit+WHCNetWorkKit */ = {
			isa = PBXGroup;
			children = (
				825D1BC220DCD39600DA93D3 /* WHC_DataModel.h */,
				825D1BC320DCD39600DA93D3 /* WHC_DataModel.m */,
				825D1BC420DCD39600DA93D3 /* WHC_Json.h */,
				825D1BC520DCD39600DA93D3 /* WHC_Json.m */,
				825D1BC620DCD39600DA93D3 /* WHC_Xml.h */,
				825D1BC720DCD39600DA93D3 /* WHC_Xml.m */,
				825D1BC820DCD39600DA93D3 /* WHC_XMLParser.h */,
				825D1BC920DCD39600DA93D3 /* WHC_XMLParser.m */,
			);
			path = "UtilKit+WHCNetWorkKit";
			sourceTree = "<group>";
		};
		82BEFA2C20D9EFAF009AD78E = {
			isa = PBXGroup;
			children = (
				82BEFA3720D9EFAF009AD78E /* HLPlayerDemo */,
				82BEFA5020D9EFB1009AD78E /* HLPlayerDemoTests */,
				82BEFA5B20D9EFB2009AD78E /* HLPlayerDemoUITests */,
				82BEFAD620DA1ECB009AD78E /* HLPlayer */,
				82BEFA3620D9EFAF009AD78E /* Products */,
				7DDC4494F63855841A0D34B1 /* Pods */,
				FA33C712C987AA5EAF023AFC /* Frameworks */,
			);
			sourceTree = "<group>";
		};
		82BEFA3620D9EFAF009AD78E /* Products */ = {
			isa = PBXGroup;
			children = (
				82BEFA3520D9EFAF009AD78E /* HLPlayerDemo.app */,
				82BEFA4D20D9EFB1009AD78E /* HLPlayerDemoTests.xctest */,
				82BEFA5820D9EFB2009AD78E /* HLPlayerDemoUITests.xctest */,
			);
			name = Products;
			sourceTree = "<group>";
		};
		82BEFA3720D9EFAF009AD78E /* HLPlayerDemo */ = {
			isa = PBXGroup;
			children = (
				82BEFA6E20DA1022009AD78E /* HLPlayerlib */,
				82BEFA3820D9EFAF009AD78E /* AppDelegate.h */,
				82BEFA3920D9EFAF009AD78E /* AppDelegate.m */,
				82BEFA3B20D9EFAF009AD78E /* ViewController.h */,
				825D1A6B20DC8B1C00DA93D3 /* VideoViewController.h */,
				825D1A6C20DC8B1C00DA93D3 /* VideoViewController.m */,
				82BEFA3C20D9EFAF009AD78E /* ViewController.m */,
				82BEFA3E20D9EFAF009AD78E /* Main.storyboard */,
				82BEFA4120D9EFB1009AD78E /* Assets.xcassets */,
				82BEFA4320D9EFB1009AD78E /* LaunchScreen.storyboard */,
				82BEFA4620D9EFB1009AD78E /* Info.plist */,
				82BEFA4720D9EFB1009AD78E /* main.m */,
			);
			path = HLPlayerDemo;
			sourceTree = "<group>";
		};
		82BEFA5020D9EFB1009AD78E /* HLPlayerDemoTests */ = {
			isa = PBXGroup;
			children = (
				82BEFA5120D9EFB1009AD78E /* HLPlayerDemoTests.m */,
				82BEFA5320D9EFB1009AD78E /* Info.plist */,
			);
			path = HLPlayerDemoTests;
			sourceTree = "<group>";
		};
		82BEFA5B20D9EFB2009AD78E /* HLPlayerDemoUITests */ = {
			isa = PBXGroup;
			children = (
				82BEFA5C20D9EFB2009AD78E /* HLPlayerDemoUITests.m */,
				82BEFA5E20D9EFB2009AD78E /* Info.plist */,
			);
			path = HLPlayerDemoUITests;
			sourceTree = "<group>";
		};
		82BEFA6E20DA1022009AD78E /* HLPlayerlib */ = {
			isa = PBXGroup;
			children = (
				825D1BA520DCD39600DA93D3 /* WHCNetWorkKit */,
				82BEFB0B20DA24F1009AD78E /* loadinglogo.png */,
				82BEFB0A20DA24F1009AD78E /* loadinglogo@3x.png */,
				82BEFB0820DA24D3009AD78E /* HLPlayer.bundle */,
				82BEFA6D20DA0FDD009AD78E /* HLPlayer.h */,
				82BEFA6F20DA104C009AD78E /* HLPlayerView.h */,
				82BEFA7020DA104C009AD78E /* HLPlayerView.m */,
				82BEFA7220DA108A009AD78E /* HLPlayerControlView.h */,
				82BEFA7320DA108A009AD78E /* HLPlayerControlView.m */,
				82BEFA7520DA10F8009AD78E /* HLPlayerActivity.h */,
				82BEFA7620DA10F8009AD78E /* HLPlayerActivity.m */,
				82BEFA7820DA1150009AD78E /* HLPlayerPlaceholderView.h */,
				82BEFA7920DA1150009AD78E /* HLPlayerPlaceholderView.m */,
				82BEFB0E20DA25EC009AD78E /* HLBrightnessView.h */,
				82BEFB0F20DA25EC009AD78E /* HLBrightnessView.m */,
				82BEFB1120DA2655009AD78E /* ASValuePopUpView.h */,
				82BEFB1420DA2656009AD78E /* ASValuePopUpView.m */,
				82BEFB1320DA2656009AD78E /* ASValueTrackingSlider.h */,
				82BEFB1220DA2656009AD78E /* ASValueTrackingSlider.m */,
				8228F92C20DB3ACE00598E7A /* HLAdvertisingView.h */,
				8228F92D20DB3ACF00598E7A /* HLAdvertisingView.m */,
				825D1A6E20DCC32400DA93D3 /* HLadvertisingControl.h */,
				825D1A6F20DCC32400DA93D3 /* HLadvertisingControl.m */,
			);
			path = HLPlayerlib;
			sourceTree = "<group>";
		};
		82BEFAD620DA1ECB009AD78E /* HLPlayer */ = {
			isa = PBXGroup;
			children = (
				82BEFAD720DA1ECB009AD78E /* Info.plist */,
			);
			path = HLPlayer;
			sourceTree = "<group>";
		};
		FA33C712C987AA5EAF023AFC /* Frameworks */ = {
			isa = PBXGroup;
			children = (
				E8EF0A65191EE53B1C54D69B /* libPods-HLPlayerDemo.a */,
			);
			name = Frameworks;
			sourceTree = "<group>";
		};
/* End PBXGroup section */

/* Begin PBXNativeTarget section */
		82BEFA3420D9EFAF009AD78E /* HLPlayerDemo */ = {
			isa = PBXNativeTarget;
			buildConfigurationList = 82BEFA6120D9EFB2009AD78E /* Build configuration list for PBXNativeTarget "HLPlayerDemo" */;
			buildPhases = (
				EB6DE7788DB951266DA32EB2 /* [CP] Check Pods Manifest.lock */,
				82BEFA3120D9EFAF009AD78E /* Sources */,
				82BEFA3220D9EFAF009AD78E /* Frameworks */,
				82BEFA3320D9EFAF009AD78E /* Resources */,
			);
			buildRules = (
			);
			dependencies = (
			);
			name = HLPlayerDemo;
			productName = HLPlayerDemo;
			productReference = 82BEFA3520D9EFAF009AD78E /* HLPlayerDemo.app */;
			productType = "com.apple.product-type.application";
		};
		82BEFA4C20D9EFB1009AD78E /* HLPlayerDemoTests */ = {
			isa = PBXNativeTarget;
			buildConfigurationList = 82BEFA6420D9EFB2009AD78E /* Build configuration list for PBXNativeTarget "HLPlayerDemoTests" */;
			buildPhases = (
				82BEFA4920D9EFB1009AD78E /* Sources */,
				82BEFA4A20D9EFB1009AD78E /* Frameworks */,
				82BEFA4B20D9EFB1009AD78E /* Resources */,
			);
			buildRules = (
			);
			dependencies = (
				82BEFA4F20D9EFB1009AD78E /* PBXTargetDependency */,
			);
			name = HLPlayerDemoTests;
			productName = HLPlayerDemoTests;
			productReference = 82BEFA4D20D9EFB1009AD78E /* HLPlayerDemoTests.xctest */;
			productType = "com.apple.product-type.bundle.unit-test";
		};
		82BEFA5720D9EFB2009AD78E /* HLPlayerDemoUITests */ = {
			isa = PBXNativeTarget;
			buildConfigurationList = 82BEFA6720D9EFB2009AD78E /* Build configuration list for PBXNativeTarget "HLPlayerDemoUITests" */;
			buildPhases = (
				82BEFA5420D9EFB2009AD78E /* Sources */,
				82BEFA5520D9EFB2009AD78E /* Frameworks */,
				82BEFA5620D9EFB2009AD78E /* Resources */,
			);
			buildRules = (
			);
			dependencies = (
				82BEFA5A20D9EFB2009AD78E /* PBXTargetDependency */,
			);
			name = HLPlayerDemoUITests;
			productName = HLPlayerDemoUITests;
			productReference = 82BEFA5820D9EFB2009AD78E /* HLPlayerDemoUITests.xctest */;
			productType = "com.apple.product-type.bundle.ui-testing";
		};
/* End PBXNativeTarget section */

/* Begin PBXProject section */
		82BEFA2D20D9EFAF009AD78E /* Project object */ = {
			isa = PBXProject;
			attributes = {
				LastUpgradeCheck = 0940;
				ORGANIZATIONNAME = "靓萌服饰靓萌服饰";
				TargetAttributes = {
					82BEFA3420D9EFAF009AD78E = {
						CreatedOnToolsVersion = 9.4;
					};
					82BEFA4C20D9EFB1009AD78E = {
						CreatedOnToolsVersion = 9.4;
						TestTargetID = 82BEFA3420D9EFAF009AD78E;
					};
					82BEFA5720D9EFB2009AD78E = {
						CreatedOnToolsVersion = 9.4;
						TestTargetID = 82BEFA3420D9EFAF009AD78E;
					};
				};
			};
			buildConfigurationList = 82BEFA3020D9EFAF009AD78E /* Build configuration list for PBXProject "HLPlayerDemo" */;
			compatibilityVersion = "Xcode 9.3";
			developmentRegion = en;
			hasScannedForEncodings = 0;
			knownRegions = (
				en,
				Base,
			);
			mainGroup = 82BEFA2C20D9EFAF009AD78E;
			productRefGroup = 82BEFA3620D9EFAF009AD78E /* Products */;
			projectDirPath = "";
			projectRoot = "";
			targets = (
				82BEFA3420D9EFAF009AD78E /* HLPlayerDemo */,
				82BEFA4C20D9EFB1009AD78E /* HLPlayerDemoTests */,
				82BEFA5720D9EFB2009AD78E /* HLPlayerDemoUITests */,
			);
		};
/* End PBXProject section */

/* Begin PBXResourcesBuildPhase section */
		82BEFA3320D9EFAF009AD78E /* Resources */ = {
			isa = PBXResourcesBuildPhase;
			buildActionMask = 2147483647;
			files = (
				82BEFB0C20DA24F1009AD78E /* loadinglogo@3x.png in Resources */,
				82BEFB0D20DA24F1009AD78E /* loadinglogo.png in Resources */,
				82BEFB0920DA24D3009AD78E /* HLPlayer.bundle in Resources */,
				82BEFA4520D9EFB1009AD78E /* LaunchScreen.storyboard in Resources */,
				82BEFA4220D9EFB1009AD78E /* Assets.xcassets in Resources */,
				82BEFA4020D9EFAF009AD78E /* Main.storyboard in Resources */,
			);
			runOnlyForDeploymentPostprocessing = 0;
		};
		82BEFA4B20D9EFB1009AD78E /* Resources */ = {
			isa = PBXResourcesBuildPhase;
			buildActionMask = 2147483647;
			files = (
			);
			runOnlyForDeploymentPostprocessing = 0;
		};
		82BEFA5620D9EFB2009AD78E /* Resources */ = {
			isa = PBXResourcesBuildPhase;
			buildActionMask = 2147483647;
			files = (
			);
			runOnlyForDeploymentPostprocessing = 0;
		};
/* End PBXResourcesBuildPhase section */

/* Begin PBXShellScriptBuildPhase section */
		EB6DE7788DB951266DA32EB2 /* [CP] Check Pods Manifest.lock */ = {
			isa = PBXShellScriptBuildPhase;
			buildActionMask = 2147483647;
			files = (
			);
			inputPaths = (
				"${PODS_PODFILE_DIR_PATH}/Podfile.lock",
				"${PODS_ROOT}/Manifest.lock",
			);
			name = "[CP] Check Pods Manifest.lock";
			outputPaths = (
				"$(DERIVED_FILE_DIR)/Pods-HLPlayerDemo-checkManifestLockResult.txt",
			);
			runOnlyForDeploymentPostprocessing = 0;
			shellPath = /bin/sh;
			shellScript = "diff \"${PODS_PODFILE_DIR_PATH}/Podfile.lock\" \"${PODS_ROOT}/Manifest.lock\" > /dev/null\nif [ $? != 0 ] ; then\n    # print error to STDERR\n    echo \"error: The sandbox is not in sync with the Podfile.lock. Run 'pod install' or update your CocoaPods installation.\" >&2\n    exit 1\nfi\n# This output is used by Xcode 'outputs' to avoid re-running this script phase.\necho \"SUCCESS\" > \"${SCRIPT_OUTPUT_FILE_0}\"\n";
			showEnvVarsInLog = 0;
		};
/* End PBXShellScriptBuildPhase section */

/* Begin PBXSourcesBuildPhase section */
		82BEFA3120D9EFAF009AD78E /* Sources */ = {
			isa = PBXSourcesBuildPhase;
			buildActionMask = 2147483647;
			files = (
				82BEFA3D20D9EFAF009AD78E /* ViewController.m in Sources */,
				825D1A7020DCC32400DA93D3 /* HLadvertisingControl.m in Sources */,
				82BEFB1620DA2656009AD78E /* ASValuePopUpView.m in Sources */,
				825D1A6D20DC8B1C00DA93D3 /* VideoViewController.m in Sources */,
				82BEFA7720DA10F8009AD78E /* HLPlayerActivity.m in Sources */,
				8228F92E20DB3ACF00598E7A /* HLAdvertisingView.m in Sources */,
				82BEFA7120DA104C009AD78E /* HLPlayerView.m in Sources */,
				82BEFA7A20DA1150009AD78E /* HLPlayerPlaceholderView.m in Sources */,
				82BEFA7420DA108A009AD78E /* HLPlayerControlView.m in Sources */,
				82BEFB1520DA2656009AD78E /* ASValueTrackingSlider.m in Sources */,
				82BEFB1020DA25EC009AD78E /* HLBrightnessView.m in Sources */,
				82BEFA4820D9EFB1009AD78E /* main.m in Sources */,
				82BEFA3A20D9EFAF009AD78E /* AppDelegate.m in Sources */,
			);
			runOnlyForDeploymentPostprocessing = 0;
		};
		82BEFA4920D9EFB1009AD78E /* Sources */ = {
			isa = PBXSourcesBuildPhase;
			buildActionMask = 2147483647;
			files = (
				82BEFA5220D9EFB1009AD78E /* HLPlayerDemoTests.m in Sources */,
			);
			runOnlyForDeploymentPostprocessing = 0;
		};
		82BEFA5420D9EFB2009AD78E /* Sources */ = {
			isa = PBXSourcesBuildPhase;
			buildActionMask = 2147483647;
			files = (
				82BEFA5D20D9EFB2009AD78E /* HLPlayerDemoUITests.m in Sources */,
			);
			runOnlyForDeploymentPostprocessing = 0;
		};
/* End PBXSourcesBuildPhase section */

/* Begin PBXTargetDependency section */
		82BEFA4F20D9EFB1009AD78E /* PBXTargetDependency */ = {
			isa = PBXTargetDependency;
			target = 82BEFA3420D9EFAF009AD78E /* HLPlayerDemo */;
			targetProxy = 82BEFA4E20D9EFB1009AD78E /* PBXContainerItemProxy */;
		};
		82BEFA5A20D9EFB2009AD78E /* PBXTargetDependency */ = {
			isa = PBXTargetDependency;
			target = 82BEFA3420D9EFAF009AD78E /* HLPlayerDemo */;
			targetProxy = 82BEFA5920D9EFB2009AD78E /* PBXContainerItemProxy */;
		};
/* End PBXTargetDependency section */

/* Begin PBXVariantGroup section */
		82BEFA3E20D9EFAF009AD78E /* Main.storyboard */ = {
			isa = PBXVariantGroup;
			children = (
				82BEFA3F20D9EFAF009AD78E /* Base */,
			);
			name = Main.storyboard;
			sourceTree = "<group>";
		};
		82BEFA4320D9EFB1009AD78E /* LaunchScreen.storyboard */ = {
			isa = PBXVariantGroup;
			children = (
				82BEFA4420D9EFB1009AD78E /* Base */,
			);
			name = LaunchScreen.storyboard;
			sourceTree = "<group>";
		};
/* End PBXVariantGroup section */

/* Begin XCBuildConfiguration section */
		82BEFA5F20D9EFB2009AD78E /* Debug */ = {
			isa = XCBuildConfiguration;
			buildSettings = {
				ALWAYS_SEARCH_USER_PATHS = NO;
				CLANG_ANALYZER_NONNULL = YES;
				CLANG_ANALYZER_NUMBER_OBJECT_CONVERSION = YES_AGGRESSIVE;
				CLANG_CXX_LANGUAGE_STANDARD = "gnu++14";
				CLANG_CXX_LIBRARY = "libc++";
				CLANG_ENABLE_MODULES = YES;
				CLANG_ENABLE_OBJC_ARC = YES;
				CLANG_ENABLE_OBJC_WEAK = YES;
				CLANG_WARN_BLOCK_CAPTURE_AUTORELEASING = YES;
				CLANG_WARN_BOOL_CONVERSION = YES;
				CLANG_WARN_COMMA = YES;
				CLANG_WARN_CONSTANT_CONVERSION = YES;
				CLANG_WARN_DEPRECATED_OBJC_IMPLEMENTATIONS = YES;
				CLANG_WARN_DIRECT_OBJC_ISA_USAGE = YES_ERROR;
				CLANG_WARN_DOCUMENTATION_COMMENTS = YES;
				CLANG_WARN_EMPTY_BODY = YES;
				CLANG_WARN_ENUM_CONVERSION = YES;
				CLANG_WARN_INFINITE_RECURSION = YES;
				CLANG_WARN_INT_CONVERSION = YES;
				CLANG_WARN_NON_LITERAL_NULL_CONVERSION = YES;
				CLANG_WARN_OBJC_IMPLICIT_RETAIN_SELF = YES;
				CLANG_WARN_OBJC_LITERAL_CONVERSION = YES;
				CLANG_WARN_OBJC_ROOT_CLASS = YES_ERROR;
				CLANG_WARN_RANGE_LOOP_ANALYSIS = YES;
				CLANG_WARN_STRICT_PROTOTYPES = YES;
				CLANG_WARN_SUSPICIOUS_MOVE = YES;
				CLANG_WARN_UNGUARDED_AVAILABILITY = YES_AGGRESSIVE;
				CLANG_WARN_UNREACHABLE_CODE = YES;
				CLANG_WARN__DUPLICATE_METHOD_MATCH = YES;
				CODE_SIGN_IDENTITY = "iPhone Developer";
				COPY_PHASE_STRIP = NO;
				DEBUG_INFORMATION_FORMAT = dwarf;
				ENABLE_STRICT_OBJC_MSGSEND = YES;
				ENABLE_TESTABILITY = YES;
				GCC_C_LANGUAGE_STANDARD = gnu11;
				GCC_DYNAMIC_NO_PIC = NO;
				GCC_NO_COMMON_BLOCKS = YES;
				GCC_OPTIMIZATION_LEVEL = 0;
				GCC_PREPROCESSOR_DEFINITIONS = (
					"DEBUG=1",
					"$(inherited)",
				);
				GCC_WARN_64_TO_32_BIT_CONVERSION = YES;
				GCC_WARN_ABOUT_RETURN_TYPE = YES_ERROR;
				GCC_WARN_UNDECLARED_SELECTOR = YES;
				GCC_WARN_UNINITIALIZED_AUTOS = YES_AGGRESSIVE;
				GCC_WARN_UNUSED_FUNCTION = YES;
				GCC_WARN_UNUSED_VARIABLE = YES;
				IPHONEOS_DEPLOYMENT_TARGET = 11.4;
				MTL_ENABLE_DEBUG_INFO = YES;
				ONLY_ACTIVE_ARCH = YES;
				SDKROOT = iphoneos;
			};
			name = Debug;
		};
		82BEFA6020D9EFB2009AD78E /* Release */ = {
			isa = XCBuildConfiguration;
			buildSettings = {
				ALWAYS_SEARCH_USER_PATHS = NO;
				CLANG_ANALYZER_NONNULL = YES;
				CLANG_ANALYZER_NUMBER_OBJECT_CONVERSION = YES_AGGRESSIVE;
				CLANG_CXX_LANGUAGE_STANDARD = "gnu++14";
				CLANG_CXX_LIBRARY = "libc++";
				CLANG_ENABLE_MODULES = YES;
				CLANG_ENABLE_OBJC_ARC = YES;
				CLANG_ENABLE_OBJC_WEAK = YES;
				CLANG_WARN_BLOCK_CAPTURE_AUTORELEASING = YES;
				CLANG_WARN_BOOL_CONVERSION = YES;
				CLANG_WARN_COMMA = YES;
				CLANG_WARN_CONSTANT_CONVERSION = YES;
				CLANG_WARN_DEPRECATED_OBJC_IMPLEMENTATIONS = YES;
				CLANG_WARN_DIRECT_OBJC_ISA_USAGE = YES_ERROR;
				CLANG_WARN_DOCUMENTATION_COMMENTS = YES;
				CLANG_WARN_EMPTY_BODY = YES;
				CLANG_WARN_ENUM_CONVERSION = YES;
				CLANG_WARN_INFINITE_RECURSION = YES;
				CLANG_WARN_INT_CONVERSION = YES;
				CLANG_WARN_NON_LITERAL_NULL_CONVERSION = YES;
				CLANG_WARN_OBJC_IMPLICIT_RETAIN_SELF = YES;
				CLANG_WARN_OBJC_LITERAL_CONVERSION = YES;
				CLANG_WARN_OBJC_ROOT_CLASS = YES_ERROR;
				CLANG_WARN_RANGE_LOOP_ANALYSIS = YES;
				CLANG_WARN_STRICT_PROTOTYPES = YES;
				CLANG_WARN_SUSPICIOUS_MOVE = YES;
				CLANG_WARN_UNGUARDED_AVAILABILITY = YES_AGGRESSIVE;
				CLANG_WARN_UNREACHABLE_CODE = YES;
				CLANG_WARN__DUPLICATE_METHOD_MATCH = YES;
				CODE_SIGN_IDENTITY = "iPhone Developer";
				COPY_PHASE_STRIP = NO;
				DEBUG_INFORMATION_FORMAT = "dwarf-with-dsym";
				ENABLE_NS_ASSERTIONS = NO;
				ENABLE_STRICT_OBJC_MSGSEND = YES;
				GCC_C_LANGUAGE_STANDARD = gnu11;
				GCC_NO_COMMON_BLOCKS = YES;
				GCC_WARN_64_TO_32_BIT_CONVERSION = YES;
				GCC_WARN_ABOUT_RETURN_TYPE = YES_ERROR;
				GCC_WARN_UNDECLARED_SELECTOR = YES;
				GCC_WARN_UNINITIALIZED_AUTOS = YES_AGGRESSIVE;
				GCC_WARN_UNUSED_FUNCTION = YES;
				GCC_WARN_UNUSED_VARIABLE = YES;
				IPHONEOS_DEPLOYMENT_TARGET = 11.4;
				MTL_ENABLE_DEBUG_INFO = NO;
				SDKROOT = iphoneos;
				VALIDATE_PRODUCT = YES;
			};
			name = Release;
		};
		82BEFA6220D9EFB2009AD78E /* Debug */ = {
			isa = XCBuildConfiguration;
			baseConfigurationReference = 7D3A06176B366D7FBD2EADF4 /* Pods-HLPlayerDemo.debug.xcconfig */;
			buildSettings = {
				ASSETCATALOG_COMPILER_APPICON_NAME = AppIcon;
				CODE_SIGN_STYLE = Automatic;
				DEVELOPMENT_TEAM = 669UDNZ7MP;
				INFOPLIST_FILE = HLPlayerDemo/Info.plist;
				LD_RUNPATH_SEARCH_PATHS = (
					"$(inherited)",
					"@executable_path/Frameworks",
				);
				PRODUCT_BUNDLE_IDENTIFIER = yingmeng.HLPlayerDemo;
				PRODUCT_NAME = "$(TARGET_NAME)";
				TARGETED_DEVICE_FAMILY = "1,2";
			};
			name = Debug;
		};
		82BEFA6320D9EFB2009AD78E /* Release */ = {
			isa = XCBuildConfiguration;
			baseConfigurationReference = E56DAF6AA4FAF00078679216 /* Pods-HLPlayerDemo.release.xcconfig */;
			buildSettings = {
				ASSETCATALOG_COMPILER_APPICON_NAME = AppIcon;
				CODE_SIGN_STYLE = Automatic;
				DEVELOPMENT_TEAM = 669UDNZ7MP;
				INFOPLIST_FILE = HLPlayerDemo/Info.plist;
				LD_RUNPATH_SEARCH_PATHS = (
					"$(inherited)",
					"@executable_path/Frameworks",
				);
				PRODUCT_BUNDLE_IDENTIFIER = yingmeng.HLPlayerDemo;
				PRODUCT_NAME = "$(TARGET_NAME)";
				TARGETED_DEVICE_FAMILY = "1,2";
			};
			name = Release;
		};
		82BEFA6520D9EFB2009AD78E /* Debug */ = {
			isa = XCBuildConfiguration;
			buildSettings = {
				BUNDLE_LOADER = "$(TEST_HOST)";
				CODE_SIGN_STYLE = Automatic;
				DEVELOPMENT_TEAM = 6CUR897C43;
				INFOPLIST_FILE = HLPlayerDemoTests/Info.plist;
				LD_RUNPATH_SEARCH_PATHS = (
					"$(inherited)",
					"@executable_path/Frameworks",
					"@loader_path/Frameworks",
				);
				PRODUCT_BUNDLE_IDENTIFIER = yingmeng.HLPlayerDemoTests;
				PRODUCT_NAME = "$(TARGET_NAME)";
				TARGETED_DEVICE_FAMILY = "1,2";
				TEST_HOST = "$(BUILT_PRODUCTS_DIR)/HLPlayerDemo.app/HLPlayerDemo";
			};
			name = Debug;
		};
		82BEFA6620D9EFB2009AD78E /* Release */ = {
			isa = XCBuildConfiguration;
			buildSettings = {
				BUNDLE_LOADER = "$(TEST_HOST)";
				CODE_SIGN_STYLE = Automatic;
				DEVELOPMENT_TEAM = 6CUR897C43;
				INFOPLIST_FILE = HLPlayerDemoTests/Info.plist;
				LD_RUNPATH_SEARCH_PATHS = (
					"$(inherited)",
					"@executable_path/Frameworks",
					"@loader_path/Frameworks",
				);
				PRODUCT_BUNDLE_IDENTIFIER = yingmeng.HLPlayerDemoTests;
				PRODUCT_NAME = "$(TARGET_NAME)";
				TARGETED_DEVICE_FAMILY = "1,2";
				TEST_HOST = "$(BUILT_PRODUCTS_DIR)/HLPlayerDemo.app/HLPlayerDemo";
			};
			name = Release;
		};
		82BEFA6820D9EFB2009AD78E /* Debug */ = {
			isa = XCBuildConfiguration;
			buildSettings = {
				CODE_SIGN_STYLE = Automatic;
				DEVELOPMENT_TEAM = 6CUR897C43;
				INFOPLIST_FILE = HLPlayerDemoUITests/Info.plist;
				LD_RUNPATH_SEARCH_PATHS = (
					"$(inherited)",
					"@executable_path/Frameworks",
					"@loader_path/Frameworks",
				);
				PRODUCT_BUNDLE_IDENTIFIER = yingmeng.HLPlayerDemoUITests;
				PRODUCT_NAME = "$(TARGET_NAME)";
				TARGETED_DEVICE_FAMILY = "1,2";
				TEST_TARGET_NAME = HLPlayerDemo;
			};
			name = Debug;
		};
		82BEFA6920D9EFB2009AD78E /* Release */ = {
			isa = XCBuildConfiguration;
			buildSettings = {
				CODE_SIGN_STYLE = Automatic;
				DEVELOPMENT_TEAM = 6CUR897C43;
				INFOPLIST_FILE = HLPlayerDemoUITests/Info.plist;
				LD_RUNPATH_SEARCH_PATHS = (
					"$(inherited)",
					"@executable_path/Frameworks",
					"@loader_path/Frameworks",
				);
				PRODUCT_BUNDLE_IDENTIFIER = yingmeng.HLPlayerDemoUITests;
				PRODUCT_NAME = "$(TARGET_NAME)";
				TARGETED_DEVICE_FAMILY = "1,2";
				TEST_TARGET_NAME = HLPlayerDemo;
			};
			name = Release;
		};
/* End XCBuildConfiguration section */

/* Begin XCConfigurationList section */
		82BEFA3020D9EFAF009AD78E /* Build configuration list for PBXProject "HLPlayerDemo" */ = {
			isa = XCConfigurationList;
			buildConfigurations = (
				82BEFA5F20D9EFB2009AD78E /* Debug */,
				82BEFA6020D9EFB2009AD78E /* Release */,
			);
			defaultConfigurationIsVisible = 0;
			defaultConfigurationName = Release;
		};
		82BEFA6120D9EFB2009AD78E /* Build configuration list for PBXNativeTarget "HLPlayerDemo" */ = {
			isa = XCConfigurationList;
			buildConfigurations = (
				82BEFA6220D9EFB2009AD78E /* Debug */,
				82BEFA6320D9EFB2009AD78E /* Release */,
			);
			defaultConfigurationIsVisible = 0;
			defaultConfigurationName = Release;
		};
		82BEFA6420D9EFB2009AD78E /* Build configuration list for PBXNativeTarget "HLPlayerDemoTests" */ = {
			isa = XCConfigurationList;
			buildConfigurations = (
				82BEFA6520D9EFB2009AD78E /* Debug */,
				82BEFA6620D9EFB2009AD78E /* Release */,
			);
			defaultConfigurationIsVisible = 0;
			defaultConfigurationName = Release;
		};
		82BEFA6720D9EFB2009AD78E /* Build configuration list for PBXNativeTarget "HLPlayerDemoUITests" */ = {
			isa = XCConfigurationList;
			buildConfigurations = (
				82BEFA6820D9EFB2009AD78E /* Debug */,
				82BEFA6920D9EFB2009AD78E /* Release */,
			);
			defaultConfigurationIsVisible = 0;
			defaultConfigurationName = Release;
		};
/* End XCConfigurationList section */
	};
	rootObject = 82BEFA2D20D9EFAF009AD78E /* Project object */;
}
